PODS:
  - Alamofire (4.3.0)
  - SwiftyJSON (3.0.0)

DEPENDENCIES:
  - Alamofire (~> 4.0)
  - SwiftyJSON (~> 3.0.0)

SPEC CHECKSUMS:
  Alamofire: 856a113053a7bc9cbe5d6367a555d773fc5cfef7
  SwiftyJSON: f57b2b44bc166617372d1c70773591fe9f0f5fd4

PODFILE CHECKSUM: 8f70ddb6a2ddaa19ee89efa828f0a0e8b9dab392

COCOAPODS: 1.2.0
