// !$*UTF8*$!
{
	archiveVersion = 1;
	classes = {
	};
	objectVersion = 46;
	objects = {

/* Begin PBXBuildFile section */
		B3697BB41DDF6E90002A3EE0 /* AppDelegate.swift in Sources */ = {isa = PBXBuildFile; fileRef = B3697BB31DDF6E90002A3EE0 /* AppDelegate.swift */; };
		B3697BBB1DDF6E90002A3EE0 /* Main.storyboard in Resources */ = {isa = PBXBuildFile; fileRef = B3697BB91DDF6E90002A3EE0 /* Main.storyboard */; };
		B3697BBD1DDF6E90002A3EE0 /* Assets.xcassets in Resources */ = {isa = PBXBuildFile; fileRef = B3697BBC1DDF6E90002A3EE0 /* Assets.xcassets */; };
		B3697BC01DDF6E90002A3EE0 /* LaunchScreen.storyboard in Resources */ = {isa = PBXBuildFile; fileRef = B3697BBE1DDF6E90002A3EE0 /* LaunchScreen.storyboard */; };
		B3925BEB1DF1F59D003C596A /* DataModel.xcdatamodeld in Sources */ = {isa = PBXBuildFile; fileRef = B3925BE91DF1F59D003C596A /* DataModel.xcdatamodeld */; };
		B3925BF01DF1FBCA003C596A /* PantryVC.swift in Sources */ = {isa = PBXBuildFile; fileRef = B3925BED1DF1FBCA003C596A /* PantryVC.swift */; };
		B3925BF11DF1FBCA003C596A /* PrepVC.swift in Sources */ = {isa = PBXBuildFile; fileRef = B3925BEE1DF1FBCA003C596A /* PrepVC.swift */; };
		B3925BF21DF1FBCA003C596A /* SandwichVC.swift in Sources */ = {isa = PBXBuildFile; fileRef = B3925BEF1DF1FBCA003C596A /* SandwichVC.swift */; };
		B3925BF51DF1FC13003C596A /* IngredientFactory.swift in Sources */ = {isa = PBXBuildFile; fileRef = B3925BF41DF1FC13003C596A /* IngredientFactory.swift */; };
		B3925BF81DF20574003C596A /* Ingredients.json in Resources */ = {isa = PBXBuildFile; fileRef = B3925BF71DF20574003C596A /* Ingredients.json */; };
		B397B0B11DDF79C10079BF6A /* Ingredient.swift in Sources */ = {isa = PBXBuildFile; fileRef = B397B0B01DDF79C10079BF6A /* Ingredient.swift */; };
/* End PBXBuildFile section */

/* Begin PBXFileReference section */
		B3697BB01DDF6E90002A3EE0 /* sandwiches.app */ = {isa = PBXFileReference; explicitFileType = wrapper.application; includeInIndex = 0; path = sandwiches.app; sourceTree = BUILT_PRODUCTS_DIR; };
		B3697BB31DDF6E90002A3EE0 /* AppDelegate.swift */ = {isa = PBXFileReference; lastKnownFileType = sourcecode.swift; path = AppDelegate.swift; sourceTree = "<group>"; };
		B3697BBA1DDF6E90002A3EE0 /* Base */ = {isa = PBXFileReference; lastKnownFileType = file.storyboard; name = Base; path = Base.lproj/Main.storyboard; sourceTree = "<group>"; };
		B3697BBC1DDF6E90002A3EE0 /* Assets.xcassets */ = {isa = PBXFileReference; lastKnownFileType = folder.assetcatalog; path = Assets.xcassets; sourceTree = "<group>"; };
		B3697BBF1DDF6E90002A3EE0 /* Base */ = {isa = PBXFileReference; lastKnownFileType = file.storyboard; name = Base; path = Base.lproj/LaunchScreen.storyboard; sourceTree = "<group>"; };
		B3697BC11DDF6E90002A3EE0 /* Info.plist */ = {isa = PBXFileReference; lastKnownFileType = text.plist.xml; path = Info.plist; sourceTree = "<group>"; };
		B3925BEA1DF1F59D003C596A /* DataModel.xcdatamodel */ = {isa = PBXFileReference; lastKnownFileType = wrapper.xcdatamodel; path = DataModel.xcdatamodel; sourceTree = "<group>"; };
		B3925BED1DF1FBCA003C596A /* PantryVC.swift */ = {isa = PBXFileReference; fileEncoding = 4; lastKnownFileType = sourcecode.swift; name = PantryVC.swift; path = ViewControllers/PantryVC.swift; sourceTree = "<group>"; };
		B3925BEE1DF1FBCA003C596A /* PrepVC.swift */ = {isa = PBXFileReference; fileEncoding = 4; lastKnownFileType = sourcecode.swift; name = PrepVC.swift; path = ViewControllers/PrepVC.swift; sourceTree = "<group>"; };
		B3925BEF1DF1FBCA003C596A /* SandwichVC.swift */ = {isa = PBXFileReference; fileEncoding = 4; lastKnownFileType = sourcecode.swift; name = SandwichVC.swift; path = ViewControllers/SandwichVC.swift; sourceTree = "<group>"; };
		B3925BF41DF1FC13003C596A /* IngredientFactory.swift */ = {isa = PBXFileReference; fileEncoding = 4; lastKnownFileType = sourcecode.swift; name = IngredientFactory.swift; path = Factories/IngredientFactory.swift; sourceTree = "<group>"; };
		B3925BF71DF20574003C596A /* Ingredients.json */ = {isa = PBXFileReference; fileEncoding = 4; lastKnownFileType = text.json; name = Ingredients.json; path = Resources/Ingredients.json; sourceTree = "<group>"; };
		B397B0B01DDF79C10079BF6A /* Ingredient.swift */ = {isa = PBXFileReference; fileEncoding = 4; lastKnownFileType = sourcecode.swift; name = Ingredient.swift; path = Models/Ingredient.swift; sourceTree = "<group>"; };
/* End PBXFileReference section */

/* Begin PBXFrameworksBuildPhase section */
		B3697BAD1DDF6E90002A3EE0 /* Frameworks */ = {
			isa = PBXFrameworksBuildPhase;
			buildActionMask = 2147483647;
			files = (
			);
			runOnlyForDeploymentPostprocessing = 0;
		};
/* End PBXFrameworksBuildPhase section */

/* Begin PBXGroup section */
		B3697BA71DDF6E90002A3EE0 = {
			isa = PBXGroup;
			children = (
				B3697BB21DDF6E90002A3EE0 /* sandwiches */,
				B3697BB11DDF6E90002A3EE0 /* Products */,
			);
			sourceTree = "<group>";
		};
		B3697BB11DDF6E90002A3EE0 /* Products */ = {
			isa = PBXGroup;
			children = (
				B3697BB01DDF6E90002A3EE0 /* sandwiches.app */,
			);
			name = Products;
			sourceTree = "<group>";
		};
		B3697BB21DDF6E90002A3EE0 /* sandwiches */ = {
			isa = PBXGroup;
			children = (
				B3925BF61DF2053A003C596A /* Resources */,
				B3925BF31DF1FBDA003C596A /* Factories */,
				B3925BEC1DF1FB7E003C596A /* ViewControllers */,
				B397B0AF1DDF79880079BF6A /* Models */,
				B3697BC11DDF6E90002A3EE0 /* Info.plist */,
				B3697BBE1DDF6E90002A3EE0 /* LaunchScreen.storyboard */,
				B3697BB91DDF6E90002A3EE0 /* Main.storyboard */,
				B3697BB31DDF6E90002A3EE0 /* AppDelegate.swift */,
				B3697BBC1DDF6E90002A3EE0 /* Assets.xcassets */,
			);
			path = sandwiches;
			sourceTree = "<group>";
		};
		B3925BEC1DF1FB7E003C596A /* ViewControllers */ = {
			isa = PBXGroup;
			children = (
				B3925BED1DF1FBCA003C596A /* PantryVC.swift */,
				B3925BEE1DF1FBCA003C596A /* PrepVC.swift */,
				B3925BEF1DF1FBCA003C596A /* SandwichVC.swift */,
			);
			name = ViewControllers;
			sourceTree = "<group>";
		};
		B3925BF31DF1FBDA003C596A /* Factories */ = {
			isa = PBXGroup;
			children = (
				B3925BF41DF1FC13003C596A /* IngredientFactory.swift */,
			);
			name = Factories;
			sourceTree = "<group>";
		};
		B3925BF61DF2053A003C596A /* Resources */ = {
			isa = PBXGroup;
			children = (
				B3925BF71DF20574003C596A /* Ingredients.json */,
			);
			name = Resources;
			sourceTree = "<group>";
		};
		B397B0AF1DDF79880079BF6A /* Models */ = {
			isa = PBXGroup;
			children = (
				B397B0B01DDF79C10079BF6A /* Ingredient.swift */,
				B3925BE91DF1F59D003C596A /* DataModel.xcdatamodeld */,
			);
			name = Models;
			sourceTree = "<group>";
		};
/* End PBXGroup section */

/* Begin PBXNativeTarget section */
		B3697BAF1DDF6E90002A3EE0 /* sandwiches */ = {
			isa = PBXNativeTarget;
			buildConfigurationList = B3697BC41DDF6E90002A3EE0 /* Build configuration list for PBXNativeTarget "sandwiches" */;
			buildPhases = (
				B3697BAC1DDF6E90002A3EE0 /* Sources */,
				B3697BAD1DDF6E90002A3EE0 /* Frameworks */,
				B3697BAE1DDF6E90002A3EE0 /* Resources */,
			);
			buildRules = (
			);
			dependencies = (
			);
			name = sandwiches;
			productName = sandwiches;
			productReference = B3697BB01DDF6E90002A3EE0 /* sandwiches.app */;
			productType = "com.apple.product-type.application";
		};
/* End PBXNativeTarget section */

/* Begin PBXProject section */
		B3697BA81DDF6E90002A3EE0 /* Project object */ = {
			isa = PBXProject;
			attributes = {
				LastSwiftUpdateCheck = 0800;
				LastUpgradeCheck = 0810;
				ORGANIZATIONNAME = thoughtworks;
				TargetAttributes = {
					B3697BAF1DDF6E90002A3EE0 = {
						CreatedOnToolsVersion = 8.0;
						ProvisioningStyle = Automatic;
					};
				};
			};
			buildConfigurationList = B3697BAB1DDF6E90002A3EE0 /* Build configuration list for PBXProject "sandwiches" */;
			compatibilityVersion = "Xcode 3.2";
			developmentRegion = English;
			hasScannedForEncodings = 0;
			knownRegions = (
				en,
				Base,
			);
			mainGroup = B3697BA71DDF6E90002A3EE0;
			productRefGroup = B3697BB11DDF6E90002A3EE0 /* Products */;
			projectDirPath = "";
			projectRoot = "";
			targets = (
				B3697BAF1DDF6E90002A3EE0 /* sandwiches */,
			);
		};
/* End PBXProject section */

/* Begin PBXResourcesBuildPhase section */
		B3697BAE1DDF6E90002A3EE0 /* Resources */ = {
			isa = PBXResourcesBuildPhase;
			buildActionMask = 2147483647;
			files = (
				B3925BF81DF20574003C596A /* Ingredients.json in Resources */,
				B3697BC01DDF6E90002A3EE0 /* LaunchScreen.storyboard in Resources */,
				B3697BBD1DDF6E90002A3EE0 /* Assets.xcassets in Resources */,
				B3697BBB1DDF6E90002A3EE0 /* Main.storyboard in Resources */,
			);
			runOnlyForDeploymentPostprocessing = 0;
		};
/* End PBXResourcesBuildPhase section */

/* Begin PBXSourcesBuildPhase section */
		B3697BAC1DDF6E90002A3EE0 /* Sources */ = {
			isa = PBXSourcesBuildPhase;
			buildActionMask = 2147483647;
			files = (
				B3925BF01DF1FBCA003C596A /* PantryVC.swift in Sources */,
				B397B0B11DDF79C10079BF6A /* Ingredient.swift in Sources */,
				B3925BEB1DF1F59D003C596A /* DataModel.xcdatamodeld in Sources */,
				B3697BB41DDF6E90002A3EE0 /* AppDelegate.swift in Sources */,
				B3925BF11DF1FBCA003C596A /* PrepVC.swift in Sources */,
				B3925BF51DF1FC13003C596A /* IngredientFactory.swift in Sources */,
				B3925BF21DF1FBCA003C596A /* SandwichVC.swift in Sources */,
			);
			runOnlyForDeploymentPostprocessing = 0;
		};
/* End PBXSourcesBuildPhase section */

/* Begin PBXVariantGroup section */
		B3697BB91DDF6E90002A3EE0 /* Main.storyboard */ = {
			isa = PBXVariantGroup;
			children = (
				B3697BBA1DDF6E90002A3EE0 /* Base */,
			);
			name = Main.storyboard;
			sourceTree = "<group>";
		};
		B3697BBE1DDF6E90002A3EE0 /* LaunchScreen.storyboard */ = {
			isa = PBXVariantGroup;
			children = (
				B3697BBF1DDF6E90002A3EE0 /* Base */,
			);
			name = LaunchScreen.storyboard;
			sourceTree = "<group>";
		};
/* End PBXVariantGroup section */

/* Begin XCBuildConfiguration section */
		B3697BC21DDF6E90002A3EE0 /* Debug */ = {
			isa = XCBuildConfiguration;
			buildSettings = {
				ALWAYS_SEARCH_USER_PATHS = NO;
				CLANG_ANALYZER_NONNULL = YES;
				CLANG_CXX_LANGUAGE_STANDARD = "gnu++0x";
				CLANG_CXX_LIBRARY = "libc++";
				CLANG_ENABLE_MODULES = YES;
				CLANG_ENABLE_OBJC_ARC = YES;
				CLANG_WARN_BOOL_CONVERSION = YES;
				CLANG_WARN_CONSTANT_CONVERSION = YES;
				CLANG_WARN_DIRECT_OBJC_ISA_USAGE = YES_ERROR;
				CLANG_WARN_DOCUMENTATION_COMMENTS = YES;
				CLANG_WARN_EMPTY_BODY = YES;
				CLANG_WARN_ENUM_CONVERSION = YES;
				CLANG_WARN_INFINITE_RECURSION = YES;
				CLANG_WARN_INT_CONVERSION = YES;
				CLANG_WARN_OBJC_ROOT_CLASS = YES_ERROR;
				CLANG_WARN_SUSPICIOUS_MOVE = YES;
				CLANG_WARN_SUSPICIOUS_MOVES = YES;
				CLANG_WARN_UNREACHABLE_CODE = YES;
				CLANG_WARN__DUPLICATE_METHOD_MATCH = YES;
				"CODE_SIGN_IDENTITY[sdk=iphoneos*]" = "iPhone Developer";
				COPY_PHASE_STRIP = NO;
				DEBUG_INFORMATION_FORMAT = dwarf;
				ENABLE_STRICT_OBJC_MSGSEND = YES;
				ENABLE_TESTABILITY = YES;
				GCC_C_LANGUAGE_STANDARD = gnu99;
				GCC_DYNAMIC_NO_PIC = NO;
				GCC_NO_COMMON_BLOCKS = YES;
				GCC_OPTIMIZATION_LEVEL = 0;
				GCC_PREPROCESSOR_DEFINITIONS = (
					"DEBUG=1",
					"$(inherited)",
				);
				GCC_WARN_64_TO_32_BIT_CONVERSION = YES;
				GCC_WARN_ABOUT_RETURN_TYPE = YES_ERROR;
				GCC_WARN_UNDECLARED_SELECTOR = YES;
				GCC_WARN_UNINITIALIZED_AUTOS = YES_AGGRESSIVE;
				GCC_WARN_UNUSED_FUNCTION = YES;
				GCC_WARN_UNUSED_VARIABLE = YES;
				IPHONEOS_DEPLOYMENT_TARGET = 10.0;
				MTL_ENABLE_DEBUG_INFO = YES;
				ONLY_ACTIVE_ARCH = YES;
				SDKROOT = iphoneos;
				SWIFT_ACTIVE_COMPILATION_CONDITIONS = DEBUG;
				SWIFT_OPTIMIZATION_LEVEL = "-Onone";
			};
			name = Debug;
		};
		B3697BC31DDF6E90002A3EE0 /* Release */ = {
			isa = XCBuildConfiguration;
			buildSettings = {
				ALWAYS_SEARCH_USER_PATHS = NO;
				CLANG_ANALYZER_NONNULL = YES;
				CLANG_CXX_LANGUAGE_STANDARD = "gnu++0x";
				CLANG_CXX_LIBRARY = "libc++";
				CLANG_ENABLE_MODULES = YES;
				CLANG_ENABLE_OBJC_ARC = YES;
				CLANG_WARN_BOOL_CONVERSION = YES;
				CLANG_WARN_CONSTANT_CONVERSION = YES;
				CLANG_WARN_DIRECT_OBJC_ISA_USAGE = YES_ERROR;
				CLANG_WARN_DOCUMENTATION_COMMENTS = YES;
				CLANG_WARN_EMPTY_BODY = YES;
				CLANG_WARN_ENUM_CONVERSION = YES;
				CLANG_WARN_INFINITE_RECURSION = YES;
				CLANG_WARN_INT_CONVERSION = YES;
				CLANG_WARN_OBJC_ROOT_CLASS = YES_ERROR;
				CLANG_WARN_SUSPICIOUS_MOVE = YES;
				CLANG_WARN_SUSPICIOUS_MOVES = YES;
				CLANG_WARN_UNREACHABLE_CODE = YES;
				CLANG_WARN__DUPLICATE_METHOD_MATCH = YES;
				"CODE_SIGN_IDENTITY[sdk=iphoneos*]" = "iPhone Developer";
				COPY_PHASE_STRIP = NO;
				DEBUG_INFORMATION_FORMAT = "dwarf-with-dsym";
				ENABLE_NS_ASSERTIONS = NO;
				ENABLE_STRICT_OBJC_MSGSEND = YES;
				GCC_C_LANGUAGE_STANDARD = gnu99;
				GCC_NO_COMMON_BLOCKS = YES;
				GCC_WARN_64_TO_32_BIT_CONVERSION = YES;
				GCC_WARN_ABOUT_RETURN_TYPE = YES_ERROR;
				GCC_WARN_UNDECLARED_SELECTOR = YES;
				GCC_WARN_UNINITIALIZED_AUTOS = YES_AGGRESSIVE;
				GCC_WARN_UNUSED_FUNCTION = YES;
				GCC_WARN_UNUSED_VARIABLE = YES;
				IPHONEOS_DEPLOYMENT_TARGET = 10.0;
				MTL_ENABLE_DEBUG_INFO = NO;
				SDKROOT = iphoneos;
				SWIFT_OPTIMIZATION_LEVEL = "-Owholemodule";
				VALIDATE_PRODUCT = YES;
			};
			name = Release;
		};
		B3697BC51DDF6E90002A3EE0 /* Debug */ = {
			isa = XCBuildConfiguration;
			buildSettings = {
				ASSETCATALOG_COMPILER_APPICON_NAME = AppIcon;
				INFOPLIST_FILE = sandwiches/Info.plist;
				LD_RUNPATH_SEARCH_PATHS = "$(inherited) @executable_path/Frameworks";
				PRODUCT_BUNDLE_IDENTIFIER = com.thoughtworks.sandwiches;
				PRODUCT_NAME = "$(TARGET_NAME)";
				SWIFT_VERSION = 3.0;
			};
			name = Debug;
		};
		B3697BC61DDF6E90002A3EE0 /* Release */ = {
			isa = XCBuildConfiguration;
			buildSettings = {
				ASSETCATALOG_COMPILER_APPICON_NAME = AppIcon;
				INFOPLIST_FILE = sandwiches/Info.plist;
				LD_RUNPATH_SEARCH_PATHS = "$(inherited) @executable_path/Frameworks";
				PRODUCT_BUNDLE_IDENTIFIER = com.thoughtworks.sandwiches;
				PRODUCT_NAME = "$(TARGET_NAME)";
				SWIFT_VERSION = 3.0;
			};
			name = Release;
		};
/* End XCBuildConfiguration section */

/* Begin XCConfigurationList section */
		B3697BAB1DDF6E90002A3EE0 /* Build configuration list for PBXProject "sandwiches" */ = {
			isa = XCConfigurationList;
			buildConfigurations = (
				B3697BC21DDF6E90002A3EE0 /* Debug */,
				B3697BC31DDF6E90002A3EE0 /* Release */,
			);
			defaultConfigurationIsVisible = 0;
			defaultConfigurationName = Release;
		};
		B3697BC41DDF6E90002A3EE0 /* Build configuration list for PBXNativeTarget "sandwiches" */ = {
			isa = XCConfigurationList;
			buildConfigurations = (
				B3697BC51DDF6E90002A3EE0 /* Debug */,
				B3697BC61DDF6E90002A3EE0 /* Release */,
			);
			defaultConfigurationIsVisible = 0;
			defaultConfigurationName = Release;
		};
/* End XCConfigurationList section */

/* Begin XCVersionGroup section */
		B3925BE91DF1F59D003C596A /* DataModel.xcdatamodeld */ = {
			isa = XCVersionGroup;
			children = (
				B3925BEA1DF1F59D003C596A /* DataModel.xcdatamodel */,
			);
			currentVersion = B3925BEA1DF1F59D003C596A /* DataModel.xcdatamodel */;
			name = DataModel.xcdatamodeld;
			path = Models/DataModel.xcdatamodeld;
			sourceTree = "<group>";
			versionGroupType = wrapper.xcdatamodel;
		};
/* End XCVersionGroup section */
	};
	rootObject = B3697BA81DDF6E90002A3EE0 /* Project object */;
}
