// !$*UTF8*$!
{
	archiveVersion = 1;
	classes = {
	};
	objectVersion = 46;
	objects = {

/* Begin PBXBuildFile section */
		23FA5051A3C70EE37D34D57E /* Pods_sandwiches.framework in Frameworks */ = {isa = PBXBuildFile; fileRef = 98B7E1E8D64F226140B4B5A3 /* Pods_sandwiches.framework */; };
		687C632D1EC3F77A008A574C /* PantryViewModel.swift in Sources */ = {isa = PBXBuildFile; fileRef = 687C632C1EC3F77A008A574C /* PantryViewModel.swift */; };
		68FD4F721E5FCCF1006E49F6 /* ParentVC.swift in Sources */ = {isa = PBXBuildFile; fileRef = 68FD4F711E5FCCF1006E49F6 /* ParentVC.swift */; };
		B33F35A01ED0A0C8001B6E21 /* Assets.xcassets in Resources */ = {isa = PBXBuildFile; fileRef = B33F359F1ED0A0C8001B6E21 /* Assets.xcassets */; };
		B36948461E5A595500FB5148 /* IngredientService.swift in Sources */ = {isa = PBXBuildFile; fileRef = B36948451E5A595500FB5148 /* IngredientService.swift */; };
		B3697BB41DDF6E90002A3EE0 /* AppDelegate.swift in Sources */ = {isa = PBXBuildFile; fileRef = B3697BB31DDF6E90002A3EE0 /* AppDelegate.swift */; };
		B3697BBB1DDF6E90002A3EE0 /* Main.storyboard in Resources */ = {isa = PBXBuildFile; fileRef = B3697BB91DDF6E90002A3EE0 /* Main.storyboard */; };
		B3697BC01DDF6E90002A3EE0 /* LaunchScreen.storyboard in Resources */ = {isa = PBXBuildFile; fileRef = B3697BBE1DDF6E90002A3EE0 /* LaunchScreen.storyboard */; };
		B37117301E9BEED8003D3484 /* IngredientCell.swift in Sources */ = {isa = PBXBuildFile; fileRef = B371172F1E9BEED8003D3484 /* IngredientCell.swift */; };
		B37117321E9BEF1C003D3484 /* Sandwich.swift in Sources */ = {isa = PBXBuildFile; fileRef = B37117311E9BEF1C003D3484 /* Sandwich.swift */; };
		B37117351E9C00AA003D3484 /* SectionHeaderView.swift in Sources */ = {isa = PBXBuildFile; fileRef = B37117331E9C00AA003D3484 /* SectionHeaderView.swift */; };
		B37117361E9C00AA003D3484 /* SectionHeaderView.xib in Resources */ = {isa = PBXBuildFile; fileRef = B37117341E9C00AA003D3484 /* SectionHeaderView.xib */; };
		B3925BF01DF1FBCA003C596A /* PantryVC.swift in Sources */ = {isa = PBXBuildFile; fileRef = B3925BED1DF1FBCA003C596A /* PantryVC.swift */; };
		B3925BF11DF1FBCA003C596A /* PrepVC.swift in Sources */ = {isa = PBXBuildFile; fileRef = B3925BEE1DF1FBCA003C596A /* PrepVC.swift */; };
		B3925BF21DF1FBCA003C596A /* SandwichVC.swift in Sources */ = {isa = PBXBuildFile; fileRef = B3925BEF1DF1FBCA003C596A /* SandwichVC.swift */; };
		B397B0B11DDF79C10079BF6A /* Ingredient.swift in Sources */ = {isa = PBXBuildFile; fileRef = B397B0B01DDF79C10079BF6A /* Ingredient.swift */; };
		B3CD8D821E74D7BE000E3446 /* PantryList.swift in Sources */ = {isa = PBXBuildFile; fileRef = B3CD8D811E74D7BE000E3446 /* PantryList.swift */; };
		B3CD8D851E75C9EA000E3446 /* IndexPathExtensions.swift in Sources */ = {isa = PBXBuildFile; fileRef = B3CD8D841E75C9EA000E3446 /* IndexPathExtensions.swift */; };
		B3CD8D881E75CA27000E3446 /* ArrayExtensions.swift in Sources */ = {isa = PBXBuildFile; fileRef = B3CD8D871E75CA27000E3446 /* ArrayExtensions.swift */; };
		B3CD8D8A1E75D852000E3446 /* SandwichDetailVC.swift in Sources */ = {isa = PBXBuildFile; fileRef = B3CD8D891E75D852000E3446 /* SandwichDetailVC.swift */; };
/* End PBXBuildFile section */

/* Begin PBXFileReference section */
		14CF8EC3FCEDAC86413C6F6A /* Pods-sandwichesTests.debug.xcconfig */ = {isa = PBXFileReference; includeInIndex = 1; lastKnownFileType = text.xcconfig; name = "Pods-sandwichesTests.debug.xcconfig"; path = "Pods/Target Support Files/Pods-sandwichesTests/Pods-sandwichesTests.debug.xcconfig"; sourceTree = "<group>"; };
		28E36171B67686AB94A356A4 /* Pods_sandwichesTests.framework */ = {isa = PBXFileReference; explicitFileType = wrapper.framework; includeInIndex = 0; path = Pods_sandwichesTests.framework; sourceTree = BUILT_PRODUCTS_DIR; };
		5CC4E66C1A4946B9C807CADF /* Pods-sandwiches.debug.xcconfig */ = {isa = PBXFileReference; includeInIndex = 1; lastKnownFileType = text.xcconfig; name = "Pods-sandwiches.debug.xcconfig"; path = "Pods/Target Support Files/Pods-sandwiches/Pods-sandwiches.debug.xcconfig"; sourceTree = "<group>"; };
		687C632C1EC3F77A008A574C /* PantryViewModel.swift */ = {isa = PBXFileReference; fileEncoding = 4; lastKnownFileType = sourcecode.swift; name = PantryViewModel.swift; path = ViewModels/PantryViewModel.swift; sourceTree = "<group>"; };
		68FD4F711E5FCCF1006E49F6 /* ParentVC.swift */ = {isa = PBXFileReference; fileEncoding = 4; lastKnownFileType = sourcecode.swift; name = ParentVC.swift; path = ViewControllers/ParentVC.swift; sourceTree = "<group>"; };
		693BCF5446A664BD37756AFB /* Pods-sandwiches.release.xcconfig */ = {isa = PBXFileReference; includeInIndex = 1; lastKnownFileType = text.xcconfig; name = "Pods-sandwiches.release.xcconfig"; path = "Pods/Target Support Files/Pods-sandwiches/Pods-sandwiches.release.xcconfig"; sourceTree = "<group>"; };
		98B7E1E8D64F226140B4B5A3 /* Pods_sandwiches.framework */ = {isa = PBXFileReference; explicitFileType = wrapper.framework; includeInIndex = 0; path = Pods_sandwiches.framework; sourceTree = BUILT_PRODUCTS_DIR; };
		B33F359F1ED0A0C8001B6E21 /* Assets.xcassets */ = {isa = PBXFileReference; lastKnownFileType = folder.assetcatalog; name = Assets.xcassets; path = sandwiches/Assets.xcassets; sourceTree = "<group>"; };
		B36948451E5A595500FB5148 /* IngredientService.swift */ = {isa = PBXFileReference; fileEncoding = 4; lastKnownFileType = sourcecode.swift; name = IngredientService.swift; path = Services/IngredientService.swift; sourceTree = "<group>"; };
		B3697BB01DDF6E90002A3EE0 /* sandwiches.app */ = {isa = PBXFileReference; explicitFileType = wrapper.application; includeInIndex = 0; path = sandwiches.app; sourceTree = BUILT_PRODUCTS_DIR; };
		B3697BB31DDF6E90002A3EE0 /* AppDelegate.swift */ = {isa = PBXFileReference; lastKnownFileType = sourcecode.swift; path = AppDelegate.swift; sourceTree = "<group>"; };
		B3697BBA1DDF6E90002A3EE0 /* Base */ = {isa = PBXFileReference; lastKnownFileType = file.storyboard; name = Base; path = Base.lproj/Main.storyboard; sourceTree = "<group>"; };
		B3697BBF1DDF6E90002A3EE0 /* Base */ = {isa = PBXFileReference; lastKnownFileType = file.storyboard; name = Base; path = Base.lproj/LaunchScreen.storyboard; sourceTree = "<group>"; };
		B3697BC11DDF6E90002A3EE0 /* Info.plist */ = {isa = PBXFileReference; lastKnownFileType = text.plist.xml; path = Info.plist; sourceTree = "<group>"; };
		B371172F1E9BEED8003D3484 /* IngredientCell.swift */ = {isa = PBXFileReference; fileEncoding = 4; lastKnownFileType = sourcecode.swift; name = IngredientCell.swift; path = Views/IngredientCell.swift; sourceTree = "<group>"; };
		B37117311E9BEF1C003D3484 /* Sandwich.swift */ = {isa = PBXFileReference; fileEncoding = 4; lastKnownFileType = sourcecode.swift; name = Sandwich.swift; path = Models/Sandwich.swift; sourceTree = "<group>"; };
		B37117331E9C00AA003D3484 /* SectionHeaderView.swift */ = {isa = PBXFileReference; fileEncoding = 4; lastKnownFileType = sourcecode.swift; name = SectionHeaderView.swift; path = Views/SectionHeaderView.swift; sourceTree = "<group>"; };
		B37117341E9C00AA003D3484 /* SectionHeaderView.xib */ = {isa = PBXFileReference; fileEncoding = 4; lastKnownFileType = file.xib; name = SectionHeaderView.xib; path = Views/SectionHeaderView.xib; sourceTree = "<group>"; };
		B3925BED1DF1FBCA003C596A /* PantryVC.swift */ = {isa = PBXFileReference; fileEncoding = 4; lastKnownFileType = sourcecode.swift; name = PantryVC.swift; path = ViewControllers/PantryVC.swift; sourceTree = "<group>"; };
		B3925BEE1DF1FBCA003C596A /* PrepVC.swift */ = {isa = PBXFileReference; fileEncoding = 4; lastKnownFileType = sourcecode.swift; name = PrepVC.swift; path = ViewControllers/PrepVC.swift; sourceTree = "<group>"; };
		B3925BEF1DF1FBCA003C596A /* SandwichVC.swift */ = {isa = PBXFileReference; fileEncoding = 4; lastKnownFileType = sourcecode.swift; name = SandwichVC.swift; path = ViewControllers/SandwichVC.swift; sourceTree = "<group>"; };
		B397B0B01DDF79C10079BF6A /* Ingredient.swift */ = {isa = PBXFileReference; fileEncoding = 4; lastKnownFileType = sourcecode.swift; name = Ingredient.swift; path = Models/Ingredient.swift; sourceTree = "<group>"; };
		B3CD8D811E74D7BE000E3446 /* PantryList.swift */ = {isa = PBXFileReference; fileEncoding = 4; lastKnownFileType = sourcecode.swift; name = PantryList.swift; path = Helpers/PantryList.swift; sourceTree = "<group>"; };
		B3CD8D841E75C9EA000E3446 /* IndexPathExtensions.swift */ = {isa = PBXFileReference; fileEncoding = 4; lastKnownFileType = sourcecode.swift; name = IndexPathExtensions.swift; path = Extensions/IndexPathExtensions.swift; sourceTree = "<group>"; };
		B3CD8D871E75CA27000E3446 /* ArrayExtensions.swift */ = {isa = PBXFileReference; fileEncoding = 4; lastKnownFileType = sourcecode.swift; name = ArrayExtensions.swift; path = Extensions/ArrayExtensions.swift; sourceTree = "<group>"; };
		B3CD8D891E75D852000E3446 /* SandwichDetailVC.swift */ = {isa = PBXFileReference; fileEncoding = 4; lastKnownFileType = sourcecode.swift; name = SandwichDetailVC.swift; path = ViewControllers/SandwichDetailVC.swift; sourceTree = "<group>"; };
		C75E5932E3CC600EA162C880 /* Pods-sandwichesTests.release.xcconfig */ = {isa = PBXFileReference; includeInIndex = 1; lastKnownFileType = text.xcconfig; name = "Pods-sandwichesTests.release.xcconfig"; path = "Pods/Target Support Files/Pods-sandwichesTests/Pods-sandwichesTests.release.xcconfig"; sourceTree = "<group>"; };
/* End PBXFileReference section */

/* Begin PBXFrameworksBuildPhase section */
		B3697BAD1DDF6E90002A3EE0 /* Frameworks */ = {
			isa = PBXFrameworksBuildPhase;
			buildActionMask = 2147483647;
			files = (
				23FA5051A3C70EE37D34D57E /* Pods_sandwiches.framework in Frameworks */,
			);
			runOnlyForDeploymentPostprocessing = 0;
		};
/* End PBXFrameworksBuildPhase section */

/* Begin PBXGroup section */
		0701A987AB7368C863B8E7C4 /* Pods */ = {
			isa = PBXGroup;
			children = (
				5CC4E66C1A4946B9C807CADF /* Pods-sandwiches.debug.xcconfig */,
				693BCF5446A664BD37756AFB /* Pods-sandwiches.release.xcconfig */,
				14CF8EC3FCEDAC86413C6F6A /* Pods-sandwichesTests.debug.xcconfig */,
				C75E5932E3CC600EA162C880 /* Pods-sandwichesTests.release.xcconfig */,
			);
			name = Pods;
			sourceTree = "<group>";
		};
		687C632B1EC3F73B008A574C /* ViewModels */ = {
			isa = PBXGroup;
			children = (
				687C632C1EC3F77A008A574C /* PantryViewModel.swift */,
			);
			name = ViewModels;
			sourceTree = "<group>";
		};
		B36948421E5A579100FB5148 /* Services */ = {
			isa = PBXGroup;
			children = (
				B36948451E5A595500FB5148 /* IngredientService.swift */,
			);
			name = Services;
			sourceTree = "<group>";
		};
		B3697BA71DDF6E90002A3EE0 = {
			isa = PBXGroup;
			children = (
				B33F359F1ED0A0C8001B6E21 /* Assets.xcassets */,
				B3697BB21DDF6E90002A3EE0 /* sandwiches */,
				B3697BB11DDF6E90002A3EE0 /* Products */,
				0701A987AB7368C863B8E7C4 /* Pods */,
				D2E2F0CD68E2AB83C5A03F4C /* Frameworks */,
			);
			sourceTree = "<group>";
		};
		B3697BB11DDF6E90002A3EE0 /* Products */ = {
			isa = PBXGroup;
			children = (
				B3697BB01DDF6E90002A3EE0 /* sandwiches.app */,
			);
			name = Products;
			sourceTree = "<group>";
		};
		B3697BB21DDF6E90002A3EE0 /* sandwiches */ = {
			isa = PBXGroup;
			children = (
				687C632B1EC3F73B008A574C /* ViewModels */,
				B3CD8D861E75C9F2000E3446 /* Extensions */,
				B3CD8D831E74D7C5000E3446 /* Helpers */,
				B397B0AF1DDF79880079BF6A /* Models */,
				B36948421E5A579100FB5148 /* Services */,
				B3925BEC1DF1FB7E003C596A /* ViewControllers */,
				B3697BC11DDF6E90002A3EE0 /* Info.plist */,
				B3697BBE1DDF6E90002A3EE0 /* LaunchScreen.storyboard */,
				B3697BB91DDF6E90002A3EE0 /* Main.storyboard */,
				B3697BB31DDF6E90002A3EE0 /* AppDelegate.swift */,
				B3CD8D8D1E75DBC8000E3446 /* Views */,
			);
			path = sandwiches;
			sourceTree = "<group>";
		};
		B3925BEC1DF1FB7E003C596A /* ViewControllers */ = {
			isa = PBXGroup;
			children = (
				B3925BED1DF1FBCA003C596A /* PantryVC.swift */,
				B3925BEE1DF1FBCA003C596A /* PrepVC.swift */,
				B3925BEF1DF1FBCA003C596A /* SandwichVC.swift */,
				68FD4F711E5FCCF1006E49F6 /* ParentVC.swift */,
				B3CD8D891E75D852000E3446 /* SandwichDetailVC.swift */,
			);
			name = ViewControllers;
			sourceTree = "<group>";
		};
		B397B0AF1DDF79880079BF6A /* Models */ = {
			isa = PBXGroup;
			children = (
				B37117311E9BEF1C003D3484 /* Sandwich.swift */,
				B397B0B01DDF79C10079BF6A /* Ingredient.swift */,
			);
			name = Models;
			sourceTree = "<group>";
		};
		B3CD8D831E74D7C5000E3446 /* Helpers */ = {
			isa = PBXGroup;
			children = (
				B3CD8D811E74D7BE000E3446 /* PantryList.swift */,
			);
			name = Helpers;
			sourceTree = "<group>";
		};
		B3CD8D861E75C9F2000E3446 /* Extensions */ = {
			isa = PBXGroup;
			children = (
				B3CD8D841E75C9EA000E3446 /* IndexPathExtensions.swift */,
				B3CD8D871E75CA27000E3446 /* ArrayExtensions.swift */,
			);
			name = Extensions;
			sourceTree = "<group>";
		};
		B3CD8D8D1E75DBC8000E3446 /* Views */ = {
			isa = PBXGroup;
			children = (
				B37117331E9C00AA003D3484 /* SectionHeaderView.swift */,
				B37117341E9C00AA003D3484 /* SectionHeaderView.xib */,
				B371172F1E9BEED8003D3484 /* IngredientCell.swift */,
			);
			name = Views;
			sourceTree = "<group>";
		};
		D2E2F0CD68E2AB83C5A03F4C /* Frameworks */ = {
			isa = PBXGroup;
			children = (
				98B7E1E8D64F226140B4B5A3 /* Pods_sandwiches.framework */,
				28E36171B67686AB94A356A4 /* Pods_sandwichesTests.framework */,
			);
			name = Frameworks;
			sourceTree = "<group>";
		};
/* End PBXGroup section */

/* Begin PBXNativeTarget section */
		B3697BAF1DDF6E90002A3EE0 /* sandwiches */ = {
			isa = PBXNativeTarget;
			buildConfigurationList = B3697BC41DDF6E90002A3EE0 /* Build configuration list for PBXNativeTarget "sandwiches" */;
			buildPhases = (
				D7D80BE4A355DE07C70E1178 /* [CP] Check Pods Manifest.lock */,
				B3697BAC1DDF6E90002A3EE0 /* Sources */,
				B3697BAD1DDF6E90002A3EE0 /* Frameworks */,
				B3697BAE1DDF6E90002A3EE0 /* Resources */,
				0EF4237970846ADDAD01A2BA /* [CP] Embed Pods Frameworks */,
				89F3BA6E3C2F1257F0B37530 /* [CP] Copy Pods Resources */,
				B36E8B9D1E6267EA00F49C0E /* ShellScript */,
			);
			buildRules = (
			);
			dependencies = (
			);
			name = sandwiches;
			productName = sandwiches;
			productReference = B3697BB01DDF6E90002A3EE0 /* sandwiches.app */;
			productType = "com.apple.product-type.application";
		};
/* End PBXNativeTarget section */

/* Begin PBXProject section */
		B3697BA81DDF6E90002A3EE0 /* Project object */ = {
			isa = PBXProject;
			attributes = {
				LastSwiftUpdateCheck = 0810;
				LastUpgradeCheck = 0810;
				ORGANIZATIONNAME = thoughtworks;
				TargetAttributes = {
					B3697BAF1DDF6E90002A3EE0 = {
						CreatedOnToolsVersion = 8.0;
						DevelopmentTeam = UK6QH85L5Z;
						ProvisioningStyle = Automatic;
					};
				};
			};
			buildConfigurationList = B3697BAB1DDF6E90002A3EE0 /* Build configuration list for PBXProject "sandwiches" */;
			compatibilityVersion = "Xcode 3.2";
			developmentRegion = English;
			hasScannedForEncodings = 0;
			knownRegions = (
				en,
				Base,
			);
			mainGroup = B3697BA71DDF6E90002A3EE0;
			productRefGroup = B3697BB11DDF6E90002A3EE0 /* Products */;
			projectDirPath = "";
			projectRoot = "";
			targets = (
				B3697BAF1DDF6E90002A3EE0 /* sandwiches */,
			);
		};
/* End PBXProject section */

/* Begin PBXResourcesBuildPhase section */
		B3697BAE1DDF6E90002A3EE0 /* Resources */ = {
			isa = PBXResourcesBuildPhase;
			buildActionMask = 2147483647;
			files = (
				B3697BC01DDF6E90002A3EE0 /* LaunchScreen.storyboard in Resources */,
				B3697BBB1DDF6E90002A3EE0 /* Main.storyboard in Resources */,
				B33F35A01ED0A0C8001B6E21 /* Assets.xcassets in Resources */,
				B37117361E9C00AA003D3484 /* SectionHeaderView.xib in Resources */,
			);
			runOnlyForDeploymentPostprocessing = 0;
		};
/* End PBXResourcesBuildPhase section */

/* Begin PBXShellScriptBuildPhase section */
		0EF4237970846ADDAD01A2BA /* [CP] Embed Pods Frameworks */ = {
			isa = PBXShellScriptBuildPhase;
			buildActionMask = 2147483647;
			files = (
			);
			inputPaths = (
			);
			name = "[CP] Embed Pods Frameworks";
			outputPaths = (
			);
			runOnlyForDeploymentPostprocessing = 0;
			shellPath = /bin/sh;
			shellScript = "\"${SRCROOT}/Pods/Target Support Files/Pods-sandwiches/Pods-sandwiches-frameworks.sh\"\n";
			showEnvVarsInLog = 0;
		};
		89F3BA6E3C2F1257F0B37530 /* [CP] Copy Pods Resources */ = {
			isa = PBXShellScriptBuildPhase;
			buildActionMask = 2147483647;
			files = (
			);
			inputPaths = (
			);
			name = "[CP] Copy Pods Resources";
			outputPaths = (
			);
			runOnlyForDeploymentPostprocessing = 0;
			shellPath = /bin/sh;
			shellScript = "\"${SRCROOT}/Pods/Target Support Files/Pods-sandwiches/Pods-sandwiches-resources.sh\"\n";
			showEnvVarsInLog = 0;
		};
		B36E8B9D1E6267EA00F49C0E /* ShellScript */ = {
			isa = PBXShellScriptBuildPhase;
			buildActionMask = 2147483647;
			files = (
			);
			inputPaths = (
			);
			outputPaths = (
			);
			runOnlyForDeploymentPostprocessing = 0;
			shellPath = /bin/sh;
			shellScript = "if which swiftlint >/dev/null; then\n    swiftlint\nelse\n    echo \"warning: SwiftLint not installed, download from https://github.com/realm/SwiftLint\"\nfi";
		};
		D7D80BE4A355DE07C70E1178 /* [CP] Check Pods Manifest.lock */ = {
			isa = PBXShellScriptBuildPhase;
			buildActionMask = 2147483647;
			files = (
			);
			inputPaths = (
			);
			name = "[CP] Check Pods Manifest.lock";
			outputPaths = (
			);
			runOnlyForDeploymentPostprocessing = 0;
			shellPath = /bin/sh;
			shellScript = "diff \"${PODS_ROOT}/../Podfile.lock\" \"${PODS_ROOT}/Manifest.lock\" > /dev/null\nif [ $? != 0 ] ; then\n    # print error to STDERR\n    echo \"error: The sandbox is not in sync with the Podfile.lock. Run 'pod install' or update your CocoaPods installation.\" >&2\n    exit 1\nfi\n";
			showEnvVarsInLog = 0;
		};
/* End PBXShellScriptBuildPhase section */

/* Begin PBXSourcesBuildPhase section */
		B3697BAC1DDF6E90002A3EE0 /* Sources */ = {
			isa = PBXSourcesBuildPhase;
			buildActionMask = 2147483647;
			files = (
				B3925BF01DF1FBCA003C596A /* PantryVC.swift in Sources */,
				B397B0B11DDF79C10079BF6A /* Ingredient.swift in Sources */,
				B3697BB41DDF6E90002A3EE0 /* AppDelegate.swift in Sources */,
				68FD4F721E5FCCF1006E49F6 /* ParentVC.swift in Sources */,
				B37117301E9BEED8003D3484 /* IngredientCell.swift in Sources */,
				B37117321E9BEF1C003D3484 /* Sandwich.swift in Sources */,
				B3CD8D881E75CA27000E3446 /* ArrayExtensions.swift in Sources */,
				B3CD8D8A1E75D852000E3446 /* SandwichDetailVC.swift in Sources */,
				B36948461E5A595500FB5148 /* IngredientService.swift in Sources */,
				B3925BF11DF1FBCA003C596A /* PrepVC.swift in Sources */,
				687C632D1EC3F77A008A574C /* PantryViewModel.swift in Sources */,
				B3CD8D821E74D7BE000E3446 /* PantryList.swift in Sources */,
				B37117351E9C00AA003D3484 /* SectionHeaderView.swift in Sources */,
				B3925BF21DF1FBCA003C596A /* SandwichVC.swift in Sources */,
				B3CD8D851E75C9EA000E3446 /* IndexPathExtensions.swift in Sources */,
			);
			runOnlyForDeploymentPostprocessing = 0;
		};
/* End PBXSourcesBuildPhase section */

/* Begin PBXVariantGroup section */
		B3697BB91DDF6E90002A3EE0 /* Main.storyboard */ = {
			isa = PBXVariantGroup;
			children = (
				B3697BBA1DDF6E90002A3EE0 /* Base */,
			);
			name = Main.storyboard;
			sourceTree = "<group>";
		};
		B3697BBE1DDF6E90002A3EE0 /* LaunchScreen.storyboard */ = {
			isa = PBXVariantGroup;
			children = (
				B3697BBF1DDF6E90002A3EE0 /* Base */,
			);
			name = LaunchScreen.storyboard;
			sourceTree = "<group>";
		};
/* End PBXVariantGroup section */

/* Begin XCBuildConfiguration section */
		B3697BC21DDF6E90002A3EE0 /* Debug */ = {
			isa = XCBuildConfiguration;
			buildSettings = {
				ALWAYS_SEARCH_USER_PATHS = NO;
				CLANG_ANALYZER_NONNULL = YES;
				CLANG_CXX_LANGUAGE_STANDARD = "gnu++0x";
				CLANG_CXX_LIBRARY = "libc++";
				CLANG_ENABLE_MODULES = YES;
				CLANG_ENABLE_OBJC_ARC = YES;
				CLANG_WARN_BOOL_CONVERSION = YES;
				CLANG_WARN_CONSTANT_CONVERSION = YES;
				CLANG_WARN_DIRECT_OBJC_ISA_USAGE = YES_ERROR;
				CLANG_WARN_DOCUMENTATION_COMMENTS = YES;
				CLANG_WARN_EMPTY_BODY = YES;
				CLANG_WARN_ENUM_CONVERSION = YES;
				CLANG_WARN_INFINITE_RECURSION = YES;
				CLANG_WARN_INT_CONVERSION = YES;
				CLANG_WARN_OBJC_ROOT_CLASS = YES_ERROR;
				CLANG_WARN_SUSPICIOUS_MOVE = YES;
				CLANG_WARN_SUSPICIOUS_MOVES = YES;
				CLANG_WARN_UNREACHABLE_CODE = YES;
				CLANG_WARN__DUPLICATE_METHOD_MATCH = YES;
				"CODE_SIGN_IDENTITY[sdk=iphoneos*]" = "iPhone Developer";
				COPY_PHASE_STRIP = NO;
				DEBUG_INFORMATION_FORMAT = dwarf;
				ENABLE_STRICT_OBJC_MSGSEND = YES;
				ENABLE_TESTABILITY = YES;
				GCC_C_LANGUAGE_STANDARD = gnu99;
				GCC_DYNAMIC_NO_PIC = NO;
				GCC_NO_COMMON_BLOCKS = YES;
				GCC_OPTIMIZATION_LEVEL = 0;
				GCC_PREPROCESSOR_DEFINITIONS = (
					"DEBUG=1",
					"$(inherited)",
				);
				GCC_WARN_64_TO_32_BIT_CONVERSION = YES;
				GCC_WARN_ABOUT_RETURN_TYPE = YES_ERROR;
				GCC_WARN_UNDECLARED_SELECTOR = YES;
				GCC_WARN_UNINITIALIZED_AUTOS = YES_AGGRESSIVE;
				GCC_WARN_UNUSED_FUNCTION = YES;
				GCC_WARN_UNUSED_VARIABLE = YES;
				IPHONEOS_DEPLOYMENT_TARGET = 10.0;
				MTL_ENABLE_DEBUG_INFO = YES;
				ONLY_ACTIVE_ARCH = YES;
				SDKROOT = iphoneos;
				SWIFT_ACTIVE_COMPILATION_CONDITIONS = DEBUG;
				SWIFT_OPTIMIZATION_LEVEL = "-Onone";
			};
			name = Debug;
		};
		B3697BC31DDF6E90002A3EE0 /* Release */ = {
			isa = XCBuildConfiguration;
			buildSettings = {
				ALWAYS_SEARCH_USER_PATHS = NO;
				CLANG_ANALYZER_NONNULL = YES;
				CLANG_CXX_LANGUAGE_STANDARD = "gnu++0x";
				CLANG_CXX_LIBRARY = "libc++";
				CLANG_ENABLE_MODULES = YES;
				CLANG_ENABLE_OBJC_ARC = YES;
				CLANG_WARN_BOOL_CONVERSION = YES;
				CLANG_WARN_CONSTANT_CONVERSION = YES;
				CLANG_WARN_DIRECT_OBJC_ISA_USAGE = YES_ERROR;
				CLANG_WARN_DOCUMENTATION_COMMENTS = YES;
				CLANG_WARN_EMPTY_BODY = YES;
				CLANG_WARN_ENUM_CONVERSION = YES;
				CLANG_WARN_INFINITE_RECURSION = YES;
				CLANG_WARN_INT_CONVERSION = YES;
				CLANG_WARN_OBJC_ROOT_CLASS = YES_ERROR;
				CLANG_WARN_SUSPICIOUS_MOVE = YES;
				CLANG_WARN_SUSPICIOUS_MOVES = YES;
				CLANG_WARN_UNREACHABLE_CODE = YES;
				CLANG_WARN__DUPLICATE_METHOD_MATCH = YES;
				"CODE_SIGN_IDENTITY[sdk=iphoneos*]" = "iPhone Developer";
				COPY_PHASE_STRIP = NO;
				DEBUG_INFORMATION_FORMAT = "dwarf-with-dsym";
				ENABLE_NS_ASSERTIONS = NO;
				ENABLE_STRICT_OBJC_MSGSEND = YES;
				GCC_C_LANGUAGE_STANDARD = gnu99;
				GCC_NO_COMMON_BLOCKS = YES;
				GCC_WARN_64_TO_32_BIT_CONVERSION = YES;
				GCC_WARN_ABOUT_RETURN_TYPE = YES_ERROR;
				GCC_WARN_UNDECLARED_SELECTOR = YES;
				GCC_WARN_UNINITIALIZED_AUTOS = YES_AGGRESSIVE;
				GCC_WARN_UNUSED_FUNCTION = YES;
				GCC_WARN_UNUSED_VARIABLE = YES;
				IPHONEOS_DEPLOYMENT_TARGET = 10.0;
				MTL_ENABLE_DEBUG_INFO = NO;
				SDKROOT = iphoneos;
				SWIFT_OPTIMIZATION_LEVEL = "-Owholemodule";
				VALIDATE_PRODUCT = YES;
			};
			name = Release;
		};
		B3697BC51DDF6E90002A3EE0 /* Debug */ = {
			isa = XCBuildConfiguration;
			baseConfigurationReference = 5CC4E66C1A4946B9C807CADF /* Pods-sandwiches.debug.xcconfig */;
			buildSettings = {
				ASSETCATALOG_COMPILER_APPICON_NAME = AppIcon;
				DEVELOPMENT_TEAM = UK6QH85L5Z;
				INFOPLIST_FILE = sandwiches/Info.plist;
				LD_RUNPATH_SEARCH_PATHS = "$(inherited) @executable_path/Frameworks";
				PRODUCT_BUNDLE_IDENTIFIER = com.thoughtworks.sandwiches;
				PRODUCT_NAME = "$(TARGET_NAME)";
				SWIFT_VERSION = 3.0;
			};
			name = Debug;
		};
		B3697BC61DDF6E90002A3EE0 /* Release */ = {
			isa = XCBuildConfiguration;
			baseConfigurationReference = 693BCF5446A664BD37756AFB /* Pods-sandwiches.release.xcconfig */;
			buildSettings = {
				ASSETCATALOG_COMPILER_APPICON_NAME = AppIcon;
				DEVELOPMENT_TEAM = UK6QH85L5Z;
				INFOPLIST_FILE = sandwiches/Info.plist;
				LD_RUNPATH_SEARCH_PATHS = "$(inherited) @executable_path/Frameworks";
				PRODUCT_BUNDLE_IDENTIFIER = com.thoughtworks.sandwiches;
				PRODUCT_NAME = "$(TARGET_NAME)";
				SWIFT_VERSION = 3.0;
			};
			name = Release;
		};
/* End XCBuildConfiguration section */

/* Begin XCConfigurationList section */
		B3697BAB1DDF6E90002A3EE0 /* Build configuration list for PBXProject "sandwiches" */ = {
			isa = XCConfigurationList;
			buildConfigurations = (
				B3697BC21DDF6E90002A3EE0 /* Debug */,
				B3697BC31DDF6E90002A3EE0 /* Release */,
			);
			defaultConfigurationIsVisible = 0;
			defaultConfigurationName = Release;
		};
		B3697BC41DDF6E90002A3EE0 /* Build configuration list for PBXNativeTarget "sandwiches" */ = {
			isa = XCConfigurationList;
			buildConfigurations = (
				B3697BC51DDF6E90002A3EE0 /* Debug */,
				B3697BC61DDF6E90002A3EE0 /* Release */,
			);
			defaultConfigurationIsVisible = 0;
			defaultConfigurationName = Release;
		};
/* End XCConfigurationList section */
	};
	rootObject = B3697BA81DDF6E90002A3EE0 /* Project object */;
}
